// !$*UTF8*$!
{
	archiveVersion = 1;
	classes = {
	};
	objectVersion = 46;
	objects = {

/* Begin PBXBuildFile section */
		01CC95874F3CD5CE64FACCB4 /* Pods_Haxball.framework in Frameworks */ = {isa = PBXBuildFile; fileRef = A93A56AD43C7EDA8FF4B95DC /* Pods_Haxball.framework */; };
		1076E0901DC916CB00F9DCB0 /* AppDelegate.swift in Sources */ = {isa = PBXBuildFile; fileRef = 1076E08F1DC916CB00F9DCB0 /* AppDelegate.swift */; };
		1076E0921DC916CB00F9DCB0 /* ViewController.swift in Sources */ = {isa = PBXBuildFile; fileRef = 1076E0911DC916CB00F9DCB0 /* ViewController.swift */; };
		1076E0951DC916CB00F9DCB0 /* Main.storyboard in Resources */ = {isa = PBXBuildFile; fileRef = 1076E0931DC916CB00F9DCB0 /* Main.storyboard */; };
		1076E0981DC916CB00F9DCB0 /* Haxball.xcdatamodeld in Sources */ = {isa = PBXBuildFile; fileRef = 1076E0961DC916CB00F9DCB0 /* Haxball.xcdatamodeld */; };
		1076E09A1DC916CB00F9DCB0 /* Assets.xcassets in Resources */ = {isa = PBXBuildFile; fileRef = 1076E0991DC916CB00F9DCB0 /* Assets.xcassets */; };
		1076E09D1DC916CB00F9DCB0 /* LaunchScreen.storyboard in Resources */ = {isa = PBXBuildFile; fileRef = 1076E09B1DC916CB00F9DCB0 /* LaunchScreen.storyboard */; };
		1076E0A81DC916CB00F9DCB0 /* HaxballTests.swift in Sources */ = {isa = PBXBuildFile; fileRef = 1076E0A71DC916CB00F9DCB0 /* HaxballTests.swift */; };
		1076E0B31DC916CB00F9DCB0 /* HaxballUITests.swift in Sources */ = {isa = PBXBuildFile; fileRef = 1076E0B21DC916CB00F9DCB0 /* HaxballUITests.swift */; };
		380488E0FA0B5F0E5CFFE74A /* Pods_HaxballUITests.framework in Frameworks */ = {isa = PBXBuildFile; fileRef = 6BBA1E35D5A55995084D3962 /* Pods_HaxballUITests.framework */; };
		8EB99D29E59732ACB27CF634 /* Pods_HaxballTests.framework in Frameworks */ = {isa = PBXBuildFile; fileRef = 45EB8D5C74B4481FA049731A /* Pods_HaxballTests.framework */; };
/* End PBXBuildFile section */

/* Begin PBXContainerItemProxy section */
		1076E0A41DC916CB00F9DCB0 /* PBXContainerItemProxy */ = {
			isa = PBXContainerItemProxy;
			containerPortal = 1076E0841DC916CB00F9DCB0 /* Project object */;
			proxyType = 1;
			remoteGlobalIDString = 1076E08B1DC916CB00F9DCB0;
			remoteInfo = Haxball;
		};
		1076E0AF1DC916CB00F9DCB0 /* PBXContainerItemProxy */ = {
			isa = PBXContainerItemProxy;
			containerPortal = 1076E0841DC916CB00F9DCB0 /* Project object */;
			proxyType = 1;
			remoteGlobalIDString = 1076E08B1DC916CB00F9DCB0;
			remoteInfo = Haxball;
		};
/* End PBXContainerItemProxy section */

/* Begin PBXFileReference section */
		0C9E61B54DEB0C6285541391 /* Pods-Haxball.release.xcconfig */ = {isa = PBXFileReference; includeInIndex = 1; lastKnownFileType = text.xcconfig; name = "Pods-Haxball.release.xcconfig"; path = "Pods/Target Support Files/Pods-Haxball/Pods-Haxball.release.xcconfig"; sourceTree = "<group>"; };
		1076E08C1DC916CB00F9DCB0 /* Haxball.app */ = {isa = PBXFileReference; explicitFileType = wrapper.application; includeInIndex = 0; path = Haxball.app; sourceTree = BUILT_PRODUCTS_DIR; };
		1076E08F1DC916CB00F9DCB0 /* AppDelegate.swift */ = {isa = PBXFileReference; lastKnownFileType = sourcecode.swift; path = AppDelegate.swift; sourceTree = "<group>"; };
		1076E0911DC916CB00F9DCB0 /* ViewController.swift */ = {isa = PBXFileReference; lastKnownFileType = sourcecode.swift; path = ViewController.swift; sourceTree = "<group>"; };
		1076E0941DC916CB00F9DCB0 /* Base */ = {isa = PBXFileReference; lastKnownFileType = file.storyboard; name = Base; path = Base.lproj/Main.storyboard; sourceTree = "<group>"; };
		1076E0971DC916CB00F9DCB0 /* Haxball.xcdatamodel */ = {isa = PBXFileReference; lastKnownFileType = wrapper.xcdatamodel; path = Haxball.xcdatamodel; sourceTree = "<group>"; };
		1076E0991DC916CB00F9DCB0 /* Assets.xcassets */ = {isa = PBXFileReference; lastKnownFileType = folder.assetcatalog; path = Assets.xcassets; sourceTree = "<group>"; };
		1076E09C1DC916CB00F9DCB0 /* Base */ = {isa = PBXFileReference; lastKnownFileType = file.storyboard; name = Base; path = Base.lproj/LaunchScreen.storyboard; sourceTree = "<group>"; };
		1076E09E1DC916CB00F9DCB0 /* Info.plist */ = {isa = PBXFileReference; lastKnownFileType = text.plist.xml; path = Info.plist; sourceTree = "<group>"; };
		1076E0A31DC916CB00F9DCB0 /* HaxballTests.xctest */ = {isa = PBXFileReference; explicitFileType = wrapper.cfbundle; includeInIndex = 0; path = HaxballTests.xctest; sourceTree = BUILT_PRODUCTS_DIR; };
		1076E0A71DC916CB00F9DCB0 /* HaxballTests.swift */ = {isa = PBXFileReference; lastKnownFileType = sourcecode.swift; path = HaxballTests.swift; sourceTree = "<group>"; };
		1076E0A91DC916CB00F9DCB0 /* Info.plist */ = {isa = PBXFileReference; lastKnownFileType = text.plist.xml; path = Info.plist; sourceTree = "<group>"; };
		1076E0AE1DC916CB00F9DCB0 /* HaxballUITests.xctest */ = {isa = PBXFileReference; explicitFileType = wrapper.cfbundle; includeInIndex = 0; path = HaxballUITests.xctest; sourceTree = BUILT_PRODUCTS_DIR; };
		1076E0B21DC916CB00F9DCB0 /* HaxballUITests.swift */ = {isa = PBXFileReference; lastKnownFileType = sourcecode.swift; path = HaxballUITests.swift; sourceTree = "<group>"; };
		1076E0B41DC916CB00F9DCB0 /* Info.plist */ = {isa = PBXFileReference; lastKnownFileType = text.plist.xml; path = Info.plist; sourceTree = "<group>"; };
		297D5DFA18B50EBC5EAA93E2 /* Pods-Haxball.debug.xcconfig */ = {isa = PBXFileReference; includeInIndex = 1; lastKnownFileType = text.xcconfig; name = "Pods-Haxball.debug.xcconfig"; path = "Pods/Target Support Files/Pods-Haxball/Pods-Haxball.debug.xcconfig"; sourceTree = "<group>"; };
		45EB8D5C74B4481FA049731A /* Pods_HaxballTests.framework */ = {isa = PBXFileReference; explicitFileType = wrapper.framework; includeInIndex = 0; path = Pods_HaxballTests.framework; sourceTree = BUILT_PRODUCTS_DIR; };
		6BBA1E35D5A55995084D3962 /* Pods_HaxballUITests.framework */ = {isa = PBXFileReference; explicitFileType = wrapper.framework; includeInIndex = 0; path = Pods_HaxballUITests.framework; sourceTree = BUILT_PRODUCTS_DIR; };
		93393988FAE0D982168B850C /* Pods-HaxballTests.debug.xcconfig */ = {isa = PBXFileReference; includeInIndex = 1; lastKnownFileType = text.xcconfig; name = "Pods-HaxballTests.debug.xcconfig"; path = "Pods/Target Support Files/Pods-HaxballTests/Pods-HaxballTests.debug.xcconfig"; sourceTree = "<group>"; };
		A93A56AD43C7EDA8FF4B95DC /* Pods_Haxball.framework */ = {isa = PBXFileReference; explicitFileType = wrapper.framework; includeInIndex = 0; path = Pods_Haxball.framework; sourceTree = BUILT_PRODUCTS_DIR; };
		B459E0042F0891B466717FEF /* Pods-HaxballTests.release.xcconfig */ = {isa = PBXFileReference; includeInIndex = 1; lastKnownFileType = text.xcconfig; name = "Pods-HaxballTests.release.xcconfig"; path = "Pods/Target Support Files/Pods-HaxballTests/Pods-HaxballTests.release.xcconfig"; sourceTree = "<group>"; };
		B6A5D9B9E44730D1F585BFEF /* Pods-HaxballUITests.release.xcconfig */ = {isa = PBXFileReference; includeInIndex = 1; lastKnownFileType = text.xcconfig; name = "Pods-HaxballUITests.release.xcconfig"; path = "Pods/Target Support Files/Pods-HaxballUITests/Pods-HaxballUITests.release.xcconfig"; sourceTree = "<group>"; };
		D2BE1C77E6236BD69913117F /* Pods-HaxballUITests.debug.xcconfig */ = {isa = PBXFileReference; includeInIndex = 1; lastKnownFileType = text.xcconfig; name = "Pods-HaxballUITests.debug.xcconfig"; path = "Pods/Target Support Files/Pods-HaxballUITests/Pods-HaxballUITests.debug.xcconfig"; sourceTree = "<group>"; };
/* End PBXFileReference section */

/* Begin PBXFrameworksBuildPhase section */
		1076E0891DC916CB00F9DCB0 /* Frameworks */ = {
			isa = PBXFrameworksBuildPhase;
			buildActionMask = 2147483647;
			files = (
				01CC95874F3CD5CE64FACCB4 /* Pods_Haxball.framework in Frameworks */,
			);
			runOnlyForDeploymentPostprocessing = 0;
		};
		1076E0A01DC916CB00F9DCB0 /* Frameworks */ = {
			isa = PBXFrameworksBuildPhase;
			buildActionMask = 2147483647;
			files = (
				8EB99D29E59732ACB27CF634 /* Pods_HaxballTests.framework in Frameworks */,
			);
			runOnlyForDeploymentPostprocessing = 0;
		};
		1076E0AB1DC916CB00F9DCB0 /* Frameworks */ = {
			isa = PBXFrameworksBuildPhase;
			buildActionMask = 2147483647;
			files = (
				380488E0FA0B5F0E5CFFE74A /* Pods_HaxballUITests.framework in Frameworks */,
			);
			runOnlyForDeploymentPostprocessing = 0;
		};
/* End PBXFrameworksBuildPhase section */

/* Begin PBXGroup section */
		1076E0831DC916CB00F9DCB0 = {
			isa = PBXGroup;
			children = (
				1076E08E1DC916CB00F9DCB0 /* Haxball */,
				1076E0A61DC916CB00F9DCB0 /* HaxballTests */,
				1076E0B11DC916CB00F9DCB0 /* HaxballUITests */,
				1076E08D1DC916CB00F9DCB0 /* Products */,
				15BCF91B7FDDFE5516C482AB /* Pods */,
				442CB7C741F271811DBFF72D /* Frameworks */,
			);
			sourceTree = "<group>";
		};
		1076E08D1DC916CB00F9DCB0 /* Products */ = {
			isa = PBXGroup;
			children = (
				1076E08C1DC916CB00F9DCB0 /* Haxball.app */,
				1076E0A31DC916CB00F9DCB0 /* HaxballTests.xctest */,
				1076E0AE1DC916CB00F9DCB0 /* HaxballUITests.xctest */,
			);
			name = Products;
			sourceTree = "<group>";
		};
		1076E08E1DC916CB00F9DCB0 /* Haxball */ = {
			isa = PBXGroup;
			children = (
				1076E08F1DC916CB00F9DCB0 /* AppDelegate.swift */,
				1076E0911DC916CB00F9DCB0 /* ViewController.swift */,
				1076E0931DC916CB00F9DCB0 /* Main.storyboard */,
				1076E0991DC916CB00F9DCB0 /* Assets.xcassets */,
				1076E09B1DC916CB00F9DCB0 /* LaunchScreen.storyboard */,
				1076E09E1DC916CB00F9DCB0 /* Info.plist */,
				1076E0961DC916CB00F9DCB0 /* Haxball.xcdatamodeld */,
			);
			path = Haxball;
			sourceTree = "<group>";
		};
		1076E0A61DC916CB00F9DCB0 /* HaxballTests */ = {
			isa = PBXGroup;
			children = (
				1076E0A71DC916CB00F9DCB0 /* HaxballTests.swift */,
				1076E0A91DC916CB00F9DCB0 /* Info.plist */,
			);
			path = HaxballTests;
			sourceTree = "<group>";
		};
		1076E0B11DC916CB00F9DCB0 /* HaxballUITests */ = {
			isa = PBXGroup;
			children = (
				1076E0B21DC916CB00F9DCB0 /* HaxballUITests.swift */,
				1076E0B41DC916CB00F9DCB0 /* Info.plist */,
			);
			path = HaxballUITests;
			sourceTree = "<group>";
		};
		15BCF91B7FDDFE5516C482AB /* Pods */ = {
			isa = PBXGroup;
			children = (
				297D5DFA18B50EBC5EAA93E2 /* Pods-Haxball.debug.xcconfig */,
				0C9E61B54DEB0C6285541391 /* Pods-Haxball.release.xcconfig */,
				93393988FAE0D982168B850C /* Pods-HaxballTests.debug.xcconfig */,
				B459E0042F0891B466717FEF /* Pods-HaxballTests.release.xcconfig */,
				D2BE1C77E6236BD69913117F /* Pods-HaxballUITests.debug.xcconfig */,
				B6A5D9B9E44730D1F585BFEF /* Pods-HaxballUITests.release.xcconfig */,
			);
			name = Pods;
			sourceTree = "<group>";
		};
		442CB7C741F271811DBFF72D /* Frameworks */ = {
			isa = PBXGroup;
			children = (
				A93A56AD43C7EDA8FF4B95DC /* Pods_Haxball.framework */,
				45EB8D5C74B4481FA049731A /* Pods_HaxballTests.framework */,
				6BBA1E35D5A55995084D3962 /* Pods_HaxballUITests.framework */,
			);
			name = Frameworks;
			sourceTree = "<group>";
		};
/* End PBXGroup section */

/* Begin PBXNativeTarget section */
		1076E08B1DC916CB00F9DCB0 /* Haxball */ = {
			isa = PBXNativeTarget;
			buildConfigurationList = 1076E0B71DC916CB00F9DCB0 /* Build configuration list for PBXNativeTarget "Haxball" */;
			buildPhases = (
				1FAD4032ABA468748BC1B5AC /* [CP] Check Pods Manifest.lock */,
				1076E0881DC916CB00F9DCB0 /* Sources */,
				1076E0891DC916CB00F9DCB0 /* Frameworks */,
				1076E08A1DC916CB00F9DCB0 /* Resources */,
				7D06CF2FBB1F0171A8252BC7 /* [CP] Embed Pods Frameworks */,
				C4FBB9130A88448B9B52B41A /* [CP] Copy Pods Resources */,
			);
			buildRules = (
			);
			dependencies = (
			);
			name = Haxball;
			productName = Haxball;
			productReference = 1076E08C1DC916CB00F9DCB0 /* Haxball.app */;
			productType = "com.apple.product-type.application";
		};
		1076E0A21DC916CB00F9DCB0 /* HaxballTests */ = {
			isa = PBXNativeTarget;
			buildConfigurationList = 1076E0BA1DC916CB00F9DCB0 /* Build configuration list for PBXNativeTarget "HaxballTests" */;
			buildPhases = (
				FB308090DE894A24D27513B4 /* [CP] Check Pods Manifest.lock */,
				1076E09F1DC916CB00F9DCB0 /* Sources */,
				1076E0A01DC916CB00F9DCB0 /* Frameworks */,
				1076E0A11DC916CB00F9DCB0 /* Resources */,
				48F3B63D664397F0F785ACA7 /* [CP] Embed Pods Frameworks */,
				B0F3792B91E6F3D871580832 /* [CP] Copy Pods Resources */,
			);
			buildRules = (
			);
			dependencies = (
				1076E0A51DC916CB00F9DCB0 /* PBXTargetDependency */,
			);
			name = HaxballTests;
			productName = HaxballTests;
			productReference = 1076E0A31DC916CB00F9DCB0 /* HaxballTests.xctest */;
			productType = "com.apple.product-type.bundle.unit-test";
		};
		1076E0AD1DC916CB00F9DCB0 /* HaxballUITests */ = {
			isa = PBXNativeTarget;
			buildConfigurationList = 1076E0BD1DC916CB00F9DCB0 /* Build configuration list for PBXNativeTarget "HaxballUITests" */;
			buildPhases = (
				0F6B7D0F470FF48EF716E5A8 /* [CP] Check Pods Manifest.lock */,
				1076E0AA1DC916CB00F9DCB0 /* Sources */,
				1076E0AB1DC916CB00F9DCB0 /* Frameworks */,
				1076E0AC1DC916CB00F9DCB0 /* Resources */,
				331A36686DEC2EB00C15C868 /* [CP] Copy Pods Resources */,
			);
			buildRules = (
			);
			dependencies = (
				1076E0B01DC916CB00F9DCB0 /* PBXTargetDependency */,
			);
			name = HaxballUITests;
			productName = HaxballUITests;
			productReference = 1076E0AE1DC916CB00F9DCB0 /* HaxballUITests.xctest */;
			productType = "com.apple.product-type.bundle.ui-testing";
		};
/* End PBXNativeTarget section */

/* Begin PBXProject section */
		1076E0841DC916CB00F9DCB0 /* Project object */ = {
			isa = PBXProject;
			attributes = {
				LastSwiftUpdateCheck = 0730;
				LastUpgradeCheck = 0730;
				ORGANIZATIONNAME = potragatetz;
				TargetAttributes = {
					1076E08B1DC916CB00F9DCB0 = {
						CreatedOnToolsVersion = 7.3.1;
					};
					1076E0A21DC916CB00F9DCB0 = {
						CreatedOnToolsVersion = 7.3.1;
						TestTargetID = 1076E08B1DC916CB00F9DCB0;
					};
					1076E0AD1DC916CB00F9DCB0 = {
						CreatedOnToolsVersion = 7.3.1;
						TestTargetID = 1076E08B1DC916CB00F9DCB0;
					};
				};
			};
			buildConfigurationList = 1076E0871DC916CB00F9DCB0 /* Build configuration list for PBXProject "Haxball" */;
			compatibilityVersion = "Xcode 3.2";
			developmentRegion = English;
			hasScannedForEncodings = 0;
			knownRegions = (
				en,
				Base,
			);
			mainGroup = 1076E0831DC916CB00F9DCB0;
			productRefGroup = 1076E08D1DC916CB00F9DCB0 /* Products */;
			projectDirPath = "";
			projectRoot = "";
			targets = (
				1076E08B1DC916CB00F9DCB0 /* Haxball */,
				1076E0A21DC916CB00F9DCB0 /* HaxballTests */,
				1076E0AD1DC916CB00F9DCB0 /* HaxballUITests */,
			);
		};
/* End PBXProject section */

/* Begin PBXResourcesBuildPhase section */
		1076E08A1DC916CB00F9DCB0 /* Resources */ = {
			isa = PBXResourcesBuildPhase;
			buildActionMask = 2147483647;
			files = (
				1076E09D1DC916CB00F9DCB0 /* LaunchScreen.storyboard in Resources */,
				1076E09A1DC916CB00F9DCB0 /* Assets.xcassets in Resources */,
				1076E0951DC916CB00F9DCB0 /* Main.storyboard in Resources */,
			);
			runOnlyForDeploymentPostprocessing = 0;
		};
		1076E0A11DC916CB00F9DCB0 /* Resources */ = {
			isa = PBXResourcesBuildPhase;
			buildActionMask = 2147483647;
			files = (
			);
			runOnlyForDeploymentPostprocessing = 0;
		};
		1076E0AC1DC916CB00F9DCB0 /* Resources */ = {
			isa = PBXResourcesBuildPhase;
			buildActionMask = 2147483647;
			files = (
			);
			runOnlyForDeploymentPostprocessing = 0;
		};
/* End PBXResourcesBuildPhase section */

/* Begin PBXShellScriptBuildPhase section */
		0F6B7D0F470FF48EF716E5A8 /* [CP] Check Pods Manifest.lock */ = {
			isa = PBXShellScriptBuildPhase;
			buildActionMask = 2147483647;
			files = (
			);
			inputPaths = (
			);
			name = "[CP] Check Pods Manifest.lock";
			outputPaths = (
			);
			runOnlyForDeploymentPostprocessing = 0;
			shellPath = /bin/sh;
			shellScript = "diff \"${PODS_ROOT}/../Podfile.lock\" \"${PODS_ROOT}/Manifest.lock\" > /dev/null\nif [[ $? != 0 ]] ; then\n    cat << EOM\nerror: The sandbox is not in sync with the Podfile.lock. Run 'pod install' or update your CocoaPods installation.\nEOM\n    exit 1\nfi\n";
			showEnvVarsInLog = 0;
		};
		1FAD4032ABA468748BC1B5AC /* [CP] Check Pods Manifest.lock */ = {
			isa = PBXShellScriptBuildPhase;
			buildActionMask = 2147483647;
			files = (
			);
			inputPaths = (
			);
			name = "[CP] Check Pods Manifest.lock";
			outputPaths = (
			);
			runOnlyForDeploymentPostprocessing = 0;
			shellPath = /bin/sh;
			shellScript = "diff \"${PODS_ROOT}/../Podfile.lock\" \"${PODS_ROOT}/Manifest.lock\" > /dev/null\nif [[ $? != 0 ]] ; then\n    cat << EOM\nerror: The sandbox is not in sync with the Podfile.lock. Run 'pod install' or update your CocoaPods installation.\nEOM\n    exit 1\nfi\n";
			showEnvVarsInLog = 0;
		};
		331A36686DEC2EB00C15C868 /* [CP] Copy Pods Resources */ = {
			isa = PBXShellScriptBuildPhase;
			buildActionMask = 2147483647;
			files = (
			);
			inputPaths = (
			);
			name = "[CP] Copy Pods Resources";
			outputPaths = (
			);
			runOnlyForDeploymentPostprocessing = 0;
			shellPath = /bin/sh;
			shellScript = "\"${SRCROOT}/Pods/Target Support Files/Pods-HaxballUITests/Pods-HaxballUITests-resources.sh\"\n";
			showEnvVarsInLog = 0;
		};
		48F3B63D664397F0F785ACA7 /* [CP] Embed Pods Frameworks */ = {
			isa = PBXShellScriptBuildPhase;
			buildActionMask = 2147483647;
			files = (
			);
			inputPaths = (
			);
			name = "[CP] Embed Pods Frameworks";
			outputPaths = (
			);
			runOnlyForDeploymentPostprocessing = 0;
			shellPath = /bin/sh;
			shellScript = "\"${SRCROOT}/Pods/Target Support Files/Pods-HaxballTests/Pods-HaxballTests-frameworks.sh\"\n";
			showEnvVarsInLog = 0;
		};
		7D06CF2FBB1F0171A8252BC7 /* [CP] Embed Pods Frameworks */ = {
			isa = PBXShellScriptBuildPhase;
			buildActionMask = 2147483647;
			files = (
			);
			inputPaths = (
			);
			name = "[CP] Embed Pods Frameworks";
			outputPaths = (
			);
			runOnlyForDeploymentPostprocessing = 0;
			shellPath = /bin/sh;
			shellScript = "\"${SRCROOT}/Pods/Target Support Files/Pods-Haxball/Pods-Haxball-frameworks.sh\"\n";
			showEnvVarsInLog = 0;
		};
		B0F3792B91E6F3D871580832 /* [CP] Copy Pods Resources */ = {
			isa = PBXShellScriptBuildPhase;
			buildActionMask = 2147483647;
			files = (
			);
			inputPaths = (
			);
			name = "[CP] Copy Pods Resources";
			outputPaths = (
			);
			runOnlyForDeploymentPostprocessing = 0;
			shellPath = /bin/sh;
			shellScript = "\"${SRCROOT}/Pods/Target Support Files/Pods-HaxballTests/Pods-HaxballTests-resources.sh\"\n";
			showEnvVarsInLog = 0;
		};
		C4FBB9130A88448B9B52B41A /* [CP] Copy Pods Resources */ = {
			isa = PBXShellScriptBuildPhase;
			buildActionMask = 2147483647;
			files = (
			);
			inputPaths = (
			);
			name = "[CP] Copy Pods Resources";
			outputPaths = (
			);
			runOnlyForDeploymentPostprocessing = 0;
			shellPath = /bin/sh;
			shellScript = "\"${SRCROOT}/Pods/Target Support Files/Pods-Haxball/Pods-Haxball-resources.sh\"\n";
			showEnvVarsInLog = 0;
		};
		FB308090DE894A24D27513B4 /* [CP] Check Pods Manifest.lock */ = {
			isa = PBXShellScriptBuildPhase;
			buildActionMask = 2147483647;
			files = (
			);
			inputPaths = (
			);
			name = "[CP] Check Pods Manifest.lock";
			outputPaths = (
			);
			runOnlyForDeploymentPostprocessing = 0;
			shellPath = /bin/sh;
			shellScript = "diff \"${PODS_ROOT}/../Podfile.lock\" \"${PODS_ROOT}/Manifest.lock\" > /dev/null\nif [[ $? != 0 ]] ; then\n    cat << EOM\nerror: The sandbox is not in sync with the Podfile.lock. Run 'pod install' or update your CocoaPods installation.\nEOM\n    exit 1\nfi\n";
			showEnvVarsInLog = 0;
		};
/* End PBXShellScriptBuildPhase section */

/* Begin PBXSourcesBuildPhase section */
		1076E0881DC916CB00F9DCB0 /* Sources */ = {
			isa = PBXSourcesBuildPhase;
			buildActionMask = 2147483647;
			files = (
				1076E0981DC916CB00F9DCB0 /* Haxball.xcdatamodeld in Sources */,
				1076E0921DC916CB00F9DCB0 /* ViewController.swift in Sources */,
				1076E0901DC916CB00F9DCB0 /* AppDelegate.swift in Sources */,
			);
			runOnlyForDeploymentPostprocessing = 0;
		};
		1076E09F1DC916CB00F9DCB0 /* Sources */ = {
			isa = PBXSourcesBuildPhase;
			buildActionMask = 2147483647;
			files = (
				1076E0A81DC916CB00F9DCB0 /* HaxballTests.swift in Sources */,
			);
			runOnlyForDeploymentPostprocessing = 0;
		};
		1076E0AA1DC916CB00F9DCB0 /* Sources */ = {
			isa = PBXSourcesBuildPhase;
			buildActionMask = 2147483647;
			files = (
				1076E0B31DC916CB00F9DCB0 /* HaxballUITests.swift in Sources */,
			);
			runOnlyForDeploymentPostprocessing = 0;
		};
/* End PBXSourcesBuildPhase section */

/* Begin PBXTargetDependency section */
		1076E0A51DC916CB00F9DCB0 /* PBXTargetDependency */ = {
			isa = PBXTargetDependency;
			target = 1076E08B1DC916CB00F9DCB0 /* Haxball */;
			targetProxy = 1076E0A41DC916CB00F9DCB0 /* PBXContainerItemProxy */;
		};
		1076E0B01DC916CB00F9DCB0 /* PBXTargetDependency */ = {
			isa = PBXTargetDependency;
			target = 1076E08B1DC916CB00F9DCB0 /* Haxball */;
			targetProxy = 1076E0AF1DC916CB00F9DCB0 /* PBXContainerItemProxy */;
		};
/* End PBXTargetDependency section */

/* Begin PBXVariantGroup section */
		1076E0931DC916CB00F9DCB0 /* Main.storyboard */ = {
			isa = PBXVariantGroup;
			children = (
				1076E0941DC916CB00F9DCB0 /* Base */,
			);
			name = Main.storyboard;
			sourceTree = "<group>";
		};
		1076E09B1DC916CB00F9DCB0 /* LaunchScreen.storyboard */ = {
			isa = PBXVariantGroup;
			children = (
				1076E09C1DC916CB00F9DCB0 /* Base */,
			);
			name = LaunchScreen.storyboard;
			sourceTree = "<group>";
		};
/* End PBXVariantGroup section */

/* Begin XCBuildConfiguration section */
		1076E0B51DC916CB00F9DCB0 /* Debug */ = {
			isa = XCBuildConfiguration;
			buildSettings = {
				ALWAYS_SEARCH_USER_PATHS = NO;
				CLANG_ANALYZER_NONNULL = YES;
				CLANG_CXX_LANGUAGE_STANDARD = "gnu++0x";
				CLANG_CXX_LIBRARY = "libc++";
				CLANG_ENABLE_MODULES = YES;
				CLANG_ENABLE_OBJC_ARC = YES;
				CLANG_WARN_BOOL_CONVERSION = YES;
				CLANG_WARN_CONSTANT_CONVERSION = YES;
				CLANG_WARN_DIRECT_OBJC_ISA_USAGE = YES_ERROR;
				CLANG_WARN_EMPTY_BODY = YES;
				CLANG_WARN_ENUM_CONVERSION = YES;
				CLANG_WARN_INT_CONVERSION = YES;
				CLANG_WARN_OBJC_ROOT_CLASS = YES_ERROR;
				CLANG_WARN_UNREACHABLE_CODE = YES;
				CLANG_WARN__DUPLICATE_METHOD_MATCH = YES;
				"CODE_SIGN_IDENTITY[sdk=iphoneos*]" = "iPhone Developer";
				COPY_PHASE_STRIP = NO;
				DEBUG_INFORMATION_FORMAT = dwarf;
				ENABLE_STRICT_OBJC_MSGSEND = YES;
				ENABLE_TESTABILITY = YES;
				GCC_C_LANGUAGE_STANDARD = gnu99;
				GCC_DYNAMIC_NO_PIC = NO;
				GCC_NO_COMMON_BLOCKS = YES;
				GCC_OPTIMIZATION_LEVEL = 0;
				GCC_PREPROCESSOR_DEFINITIONS = (
					"DEBUG=1",
					"$(inherited)",
				);
				GCC_WARN_64_TO_32_BIT_CONVERSION = YES;
				GCC_WARN_ABOUT_RETURN_TYPE = YES_ERROR;
				GCC_WARN_UNDECLARED_SELECTOR = YES;
				GCC_WARN_UNINITIALIZED_AUTOS = YES_AGGRESSIVE;
				GCC_WARN_UNUSED_FUNCTION = YES;
				GCC_WARN_UNUSED_VARIABLE = YES;
				IPHONEOS_DEPLOYMENT_TARGET = 9.3;
				MTL_ENABLE_DEBUG_INFO = YES;
				ONLY_ACTIVE_ARCH = YES;
				SDKROOT = iphoneos;
				SWIFT_OPTIMIZATION_LEVEL = "-Onone";
				TARGETED_DEVICE_FAMILY = "1,2";
			};
			name = Debug;
		};
		1076E0B61DC916CB00F9DCB0 /* Release */ = {
			isa = XCBuildConfiguration;
			buildSettings = {
				ALWAYS_SEARCH_USER_PATHS = NO;
				CLANG_ANALYZER_NONNULL = YES;
				CLANG_CXX_LANGUAGE_STANDARD = "gnu++0x";
				CLANG_CXX_LIBRARY = "libc++";
				CLANG_ENABLE_MODULES = YES;
				CLANG_ENABLE_OBJC_ARC = YES;
				CLANG_WARN_BOOL_CONVERSION = YES;
				CLANG_WARN_CONSTANT_CONVERSION = YES;
				CLANG_WARN_DIRECT_OBJC_ISA_USAGE = YES_ERROR;
				CLANG_WARN_EMPTY_BODY = YES;
				CLANG_WARN_ENUM_CONVERSION = YES;
				CLANG_WARN_INT_CONVERSION = YES;
				CLANG_WARN_OBJC_ROOT_CLASS = YES_ERROR;
				CLANG_WARN_UNREACHABLE_CODE = YES;
				CLANG_WARN__DUPLICATE_METHOD_MATCH = YES;
				"CODE_SIGN_IDENTITY[sdk=iphoneos*]" = "iPhone Developer";
				COPY_PHASE_STRIP = NO;
				DEBUG_INFORMATION_FORMAT = "dwarf-with-dsym";
				ENABLE_NS_ASSERTIONS = NO;
				ENABLE_STRICT_OBJC_MSGSEND = YES;
				GCC_C_LANGUAGE_STANDARD = gnu99;
				GCC_NO_COMMON_BLOCKS = YES;
				GCC_WARN_64_TO_32_BIT_CONVERSION = YES;
				GCC_WARN_ABOUT_RETURN_TYPE = YES_ERROR;
				GCC_WARN_UNDECLARED_SELECTOR = YES;
				GCC_WARN_UNINITIALIZED_AUTOS = YES_AGGRESSIVE;
				GCC_WARN_UNUSED_FUNCTION = YES;
				GCC_WARN_UNUSED_VARIABLE = YES;
				IPHONEOS_DEPLOYMENT_TARGET = 9.3;
				MTL_ENABLE_DEBUG_INFO = NO;
				SDKROOT = iphoneos;
				TARGETED_DEVICE_FAMILY = "1,2";
				VALIDATE_PRODUCT = YES;
			};
			name = Release;
		};
		1076E0B81DC916CB00F9DCB0 /* Debug */ = {
			isa = XCBuildConfiguration;
			baseConfigurationReference = 297D5DFA18B50EBC5EAA93E2 /* Pods-Haxball.debug.xcconfig */;
			buildSettings = {
				ASSETCATALOG_COMPILER_APPICON_NAME = AppIcon;
				CODE_SIGN_IDENTITY = "iPhone Developer";
				"CODE_SIGN_IDENTITY[sdk=iphoneos*]" = "iPhone Developer";
				INFOPLIST_FILE = Haxball/Info.plist;
				IPHONEOS_DEPLOYMENT_TARGET = 9.2;
				LD_RUNPATH_SEARCH_PATHS = "$(inherited) @executable_path/Frameworks";
				PRODUCT_BUNDLE_IDENTIFIER = potragatetz.Haxballl;
				PRODUCT_NAME = "$(TARGET_NAME)";
				PROVISIONING_PROFILE = "";
			};
			name = Debug;
		};
		1076E0B91DC916CB00F9DCB0 /* Release */ = {
			isa = XCBuildConfiguration;
			baseConfigurationReference = 0C9E61B54DEB0C6285541391 /* Pods-Haxball.release.xcconfig */;
			buildSettings = {
				ASSETCATALOG_COMPILER_APPICON_NAME = AppIcon;
				CODE_SIGN_IDENTITY = "iPhone Developer";
				"CODE_SIGN_IDENTITY[sdk=iphoneos*]" = "iPhone Developer";
				INFOPLIST_FILE = Haxball/Info.plist;
				IPHONEOS_DEPLOYMENT_TARGET = 9.2;
				LD_RUNPATH_SEARCH_PATHS = "$(inherited) @executable_path/Frameworks";
				PRODUCT_BUNDLE_IDENTIFIER = potragatetz.Haxballl;
				PRODUCT_NAME = "$(TARGET_NAME)";
				PROVISIONING_PROFILE = "";
			};
			name = Release;
		};
		1076E0BB1DC916CB00F9DCB0 /* Debug */ = {
			isa = XCBuildConfiguration;
			baseConfigurationReference = 93393988FAE0D982168B850C /* Pods-HaxballTests.debug.xcconfig */;
			buildSettings = {
				BUNDLE_LOADER = "$(TEST_HOST)";
				INFOPLIST_FILE = HaxballTests/Info.plist;
				LD_RUNPATH_SEARCH_PATHS = "$(inherited) @executable_path/Frameworks @loader_path/Frameworks";
				PRODUCT_BUNDLE_IDENTIFIER = potragatetz.HaxballTests;
				PRODUCT_NAME = "$(TARGET_NAME)";
				TEST_HOST = "$(BUILT_PRODUCTS_DIR)/Haxball.app/Haxball";
			};
			name = Debug;
		};
		1076E0BC1DC916CB00F9DCB0 /* Release */ = {
			isa = XCBuildConfiguration;
			baseConfigurationReference = B459E0042F0891B466717FEF /* Pods-HaxballTests.release.xcconfig */;
			buildSettings = {
				BUNDLE_LOADER = "$(TEST_HOST)";
				INFOPLIST_FILE = HaxballTests/Info.plist;
				LD_RUNPATH_SEARCH_PATHS = "$(inherited) @executable_path/Frameworks @loader_path/Frameworks";
				PRODUCT_BUNDLE_IDENTIFIER = potragatetz.HaxballTests;
				PRODUCT_NAME = "$(TARGET_NAME)";
				TEST_HOST = "$(BUILT_PRODUCTS_DIR)/Haxball.app/Haxball";
			};
			name = Release;
		};
		1076E0BE1DC916CB00F9DCB0 /* Debug */ = {
			isa = XCBuildConfiguration;
			baseConfigurationReference = D2BE1C77E6236BD69913117F /* Pods-HaxballUITests.debug.xcconfig */;
			buildSettings = {
				INFOPLIST_FILE = HaxballUITests/Info.plist;
				LD_RUNPATH_SEARCH_PATHS = "$(inherited) @executable_path/Frameworks @loader_path/Frameworks";
				PRODUCT_BUNDLE_IDENTIFIER = potragatetz.HaxballUITests;
				PRODUCT_NAME = "$(TARGET_NAME)";
				TEST_TARGET_NAME = Haxball;
			};
			name = Debug;
		};
		1076E0BF1DC916CB00F9DCB0 /* Release */ = {
			isa = XCBuildConfiguration;
			baseConfigurationReference = B6A5D9B9E44730D1F585BFEF /* Pods-HaxballUITests.release.xcconfig */;
			buildSettings = {
				INFOPLIST_FILE = HaxballUITests/Info.plist;
				LD_RUNPATH_SEARCH_PATHS = "$(inherited) @executable_path/Frameworks @loader_path/Frameworks";
				PRODUCT_BUNDLE_IDENTIFIER = potragatetz.HaxballUITests;
				PRODUCT_NAME = "$(TARGET_NAME)";
				TEST_TARGET_NAME = Haxball;
			};
			name = Release;
		};
/* End XCBuildConfiguration section */

/* Begin XCConfigurationList section */
		1076E0871DC916CB00F9DCB0 /* Build configuration list for PBXProject "Haxball" */ = {
			isa = XCConfigurationList;
			buildConfigurations = (
				1076E0B51DC916CB00F9DCB0 /* Debug */,
				1076E0B61DC916CB00F9DCB0 /* Release */,
			);
			defaultConfigurationIsVisible = 0;
			defaultConfigurationName = Release;
		};
		1076E0B71DC916CB00F9DCB0 /* Build configuration list for PBXNativeTarget "Haxball" */ = {
			isa = XCConfigurationList;
			buildConfigurations = (
				1076E0B81DC916CB00F9DCB0 /* Debug */,
				1076E0B91DC916CB00F9DCB0 /* Release */,
			);
			defaultConfigurationIsVisible = 0;
			defaultConfigurationName = Release;
		};
		1076E0BA1DC916CB00F9DCB0 /* Build configuration list for PBXNativeTarget "HaxballTests" */ = {
			isa = XCConfigurationList;
			buildConfigurations = (
				1076E0BB1DC916CB00F9DCB0 /* Debug */,
				1076E0BC1DC916CB00F9DCB0 /* Release */,
			);
			defaultConfigurationIsVisible = 0;
			defaultConfigurationName = Release;
		};
		1076E0BD1DC916CB00F9DCB0 /* Build configuration list for PBXNativeTarget "HaxballUITests" */ = {
			isa = XCConfigurationList;
			buildConfigurations = (
				1076E0BE1DC916CB00F9DCB0 /* Debug */,
				1076E0BF1DC916CB00F9DCB0 /* Release */,
			);
			defaultConfigurationIsVisible = 0;
			defaultConfigurationName = Release;
		};
/* End XCConfigurationList section */

/* Begin XCVersionGroup section */
		1076E0961DC916CB00F9DCB0 /* Haxball.xcdatamodeld */ = {
			isa = XCVersionGroup;
			children = (
				1076E0971DC916CB00F9DCB0 /* Haxball.xcdatamodel */,
			);
			currentVersion = 1076E0971DC916CB00F9DCB0 /* Haxball.xcdatamodel */;
			path = Haxball.xcdatamodeld;
			sourceTree = "<group>";
			versionGroupType = wrapper.xcdatamodel;
		};
/* End XCVersionGroup section */
	};
	rootObject = 1076E0841DC916CB00F9DCB0 /* Project object */;
}
